{
  "name": "ttttt",
  "version": "0.0.1",
  "lockfileVersion": 1,
  "requires": true,
  "dependencies": {
    "@tbminiapp/pixi-miniprogram-engine": {
      "version": "1.0.16",
      "resolved": "https://registry.npm.taobao.org/@tbminiapp/pixi-miniprogram-engine/download/@tbminiapp/pixi-miniprogram-engine-1.0.16.tgz",
      "integrity": "sha1-53IsjUkMCPJ+XY6CxZkrLfGfsTE=",
      "requires": {
        "@types/pixi.js": "^4.7.5"
      }
    },
    "@types/pixi.js": {
      "version": "4.8.8",
      "resolved": "https://registry.npm.taobao.org/@types/pixi.js/download/@types/pixi.js-4.8.8.tgz",
      "integrity": "sha1-SK8kpNjkv0c19oGf7wRTZSLW6hs="
    }
  }
}
